("quicklisp" .
 (:class qlot/source/dist:source-dist
  :initargs (:distribution "https://beta.quicklisp.org/dist/quicklisp.txt" :%version :latest)
  :version "2026-01-01"))
("wst" .
 (:class qlot/source/github:source-github
  :initargs (:repos "cl-sdk/wst" :ref nil :branch nil :tag "0.1.0")
  :version "github-f3dc8634a352541506d94c06d085a860b9b5566a"))
("io.github.cl-sdk.json" .
 (:class qlot/source/github:source-github
  :initargs (:repos "cl-sdk/io.github.cl-sdk.json" :ref nil :branch "main" :tag nil)
  :version "github-f1d632e1f629409e650009567a2d35e4bd0dc842"))
("meta-definitions" .
 (:class qlot/source/github:source-github
  :initargs (:repos "cl-sdk/meta-definitions" :ref nil :branch "main" :tag nil)
  :version "github-41e5c29f68181d0d6eee0a627b94b70ab2402019"))
("cl-hash-util" .
 (:class qlot/source/github:source-github
  :initargs (:repos "orthecreedence/cl-hash-util" :ref nil :branch "master" :tag nil)
  :version "github-7f88cb7579b2af8c21022554f46dddd6ce6a5fc2"))
("serapeum" .
 (:class qlot/source/github:source-github
  :initargs (:repos "ruricolist/serapeum" :ref nil :branch "master" :tag nil)
  :version "github-c4dcbb6e48e9b713ba66fdee480a84384ef3dac4"))
